
Microsoft Visual Studio Solution File, Format Version 12.00
# Visual Studio Version 16
VisualStudioVersion = 16.0.31313.79
MinimumVisualStudioVersion = 10.0.40219.1
Project("{9A19103F-16F7-4668-BE54-9A1E7A4F7556}") = "WebsiteLinks", "WebsiteLinks\WebsiteLinks.csproj", "{19303A2C-E66B-4ADD-8545-531F3F891818}"
EndProject
Global
	GlobalSection(SolutionConfigurationPlatforms) = preSolution
		Debug|Any CPU = Debug|Any CPU
		Release|Any CPU = Release|Any CPU
	EndGlobalSection
	GlobalSection(ProjectConfigurationPlatforms) = postSolution
		{19303A2C-E66B-4ADD-8545-531F3F891818}.Debug|Any CPU.ActiveCfg = Debug|Any CPU
		{19303A2C-E66B-4ADD-8545-531F3F891818}.Debug|Any CPU.Build.0 = Debug|Any CPU
		{19303A2C-E66B-4ADD-8545-531F3F891818}.Release|Any CPU.ActiveCfg = Release|Any CPU
		{19303A2C-E66B-4ADD-8545-531F3F891818}.Release|Any CPU.Build.0 = Release|Any CPU
	EndGlobalSection
	GlobalSection(SolutionProperties) = preSolution
		HideSolutionNode = FALSE
	EndGlobalSection
	GlobalSection(ExtensibilityGlobals) = postSolution
		SolutionGuid = {790F78E7-B5AD-4FF0-8046-F16DC9F298A0}
	EndGlobalSection
EndGlobal
